{
  "requires": true,
  "lockfileVersion": 1,
  "dependencies": {
    "sweetalert2": {
      "version": "8.7.0",
      "resolved": "https://registry.npmjs.org/sweetalert2/-/sweetalert2-8.7.0.tgz",
      "integrity": "sha512-rC9gu1W2t9zrECnSHx4AF7xWX72YuKvIPerRFdw9SmFIbqc34tlSvnTWHs3VLj0FakLnbsXcgqyGQQASyXyzkA=="
    }
  }
}
